
Microsoft Visual Studio Solution File, Format Version 12.00
# Visual Studio Version 17
VisualStudioVersion = 17.0.32126.317
MinimumVisualStudioVersion = 10.0.40219.1
Project("{2150E333-8FDC-42A3-9474-1A3956D46DE8}") = "Solution Items", "Solution Items", "{A1CB6B0E-9E97-4823-910B-735DB69B1931}"
	ProjectSection(SolutionItems) = preProject
		.editorconfig = .editorconfig
		.gitignore = .gitignore
		LICENSE = LICENSE
		README.md = README.md
		Settings.StyleCop = Settings.StyleCop
	EndProjectSection
EndProject
Project("{2150E333-8FDC-42A3-9474-1A3956D46DE8}") = "src", "src", "{810145E0-41CF-4E24-BD9C-E7517498BA29}"
EndProject
Project("{9A19103F-16F7-4668-BE54-9A1E7A4F7556}") = "Microsoft.Azure.Functions.Worker.Extensions.OpenApi", "src\Microsoft.Azure.Functions.Worker.Extensions.OpenApi\Microsoft.Azure.Functions.Worker.Extensions.OpenApi.csproj", "{B409837F-3D64-407E-88AE-C0F932F1A4DE}"
EndProject
Project("{9A19103F-16F7-4668-BE54-9A1E7A4F7556}") = "Microsoft.Azure.WebJobs.Extensions.OpenApi.AppSettings", "src\Microsoft.Azure.WebJobs.Extensions.OpenApi.AppSettings\Microsoft.Azure.WebJobs.Extensions.OpenApi.AppSettings.csproj", "{64A22A3C-D0C4-4DE9-A8D5-2CEF766EB500}"
EndProject
Project("{9A19103F-16F7-4668-BE54-9A1E7A4F7556}") = "Microsoft.Azure.WebJobs.Extensions.OpenApi.Core", "src\Microsoft.Azure.WebJobs.Extensions.OpenApi.Core\Microsoft.Azure.WebJobs.Extensions.OpenApi.Core.csproj", "{B18937F6-B39F-46BB-BB3C-86C0693993EF}"
EndProject
Project("{9A19103F-16F7-4668-BE54-9A1E7A4F7556}") = "Microsoft.Azure.WebJobs.Extensions.OpenApi", "src\Microsoft.Azure.WebJobs.Extensions.OpenApi\Microsoft.Azure.WebJobs.Extensions.OpenApi.csproj", "{D405655F-C8BE-4134-893C-ADB4918B0624}"
EndProject
Project("{2150E333-8FDC-42A3-9474-1A3956D46DE8}") = "samples", "samples", "{66D8DEA8-B477-497F-95BB-E8F9A5BAC352}"
EndProject
Project("{9A19103F-16F7-4668-BE54-9A1E7A4F7556}") = "Microsoft.Azure.Functions.Worker.Extensions.OpenApi.FunctionApp.OutOfProc", "samples\Microsoft.Azure.Functions.Worker.Extensions.OpenApi.FunctionApp.OutOfProc\Microsoft.Azure.Functions.Worker.Extensions.OpenApi.FunctionApp.OutOfProc.csproj", "{7FD0AC53-E04D-41C6-9633-924A0D98A114}"
EndProject
Project("{9A19103F-16F7-4668-BE54-9A1E7A4F7556}") = "Microsoft.Azure.Functions.Worker.Extensions.OpenApi.FunctionApp.OutOfProc.Ping", "samples\Microsoft.Azure.Functions.Worker.Extensions.OpenApi.FunctionApp.OutOfProc.Ping\Microsoft.Azure.Functions.Worker.Extensions.OpenApi.FunctionApp.OutOfProc.Ping.csproj", "{1E7232C2-8560-4030-9B5D-AD88A1680F62}"
EndProject
Project("{9A19103F-16F7-4668-BE54-9A1E7A4F7556}") = "Microsoft.Azure.WebJobs.Extensions.OpenApi.FunctionApp.InProc", "samples\Microsoft.Azure.WebJobs.Extensions.OpenApi.FunctionApp.InProc\Microsoft.Azure.WebJobs.Extensions.OpenApi.FunctionApp.InProc.csproj", "{A501B346-5613-4EBA-ADC4-88BA38FA322A}"
EndProject
Project("{9A19103F-16F7-4668-BE54-9A1E7A4F7556}") = "Microsoft.Azure.WebJobs.Extensions.OpenApi.FunctionApp.Models", "samples\Microsoft.Azure.WebJobs.Extensions.OpenApi.FunctionApp.Models\Microsoft.Azure.WebJobs.Extensions.OpenApi.FunctionApp.Models.csproj", "{E2CF25F0-6BD1-459D-8067-E7826D96E8C4}"
EndProject
Project("{2150E333-8FDC-42A3-9474-1A3956D46DE8}") = "test", "test", "{8B62E3FB-9062-4716-803A-1FA51FCE68BC}"
EndProject
Project("{9A19103F-16F7-4668-BE54-9A1E7A4F7556}") = "Microsoft.Azure.Functions.Worker.Extensions.OpenApi.Tests", "test\Microsoft.Azure.Functions.Worker.Extensions.OpenApi.Tests\Microsoft.Azure.Functions.Worker.Extensions.OpenApi.Tests.csproj", "{B6C398B2-6F74-4E50-A49F-F36B9825F45E}"
EndProject
Project("{9A19103F-16F7-4668-BE54-9A1E7A4F7556}") = "Microsoft.Azure.WebJobs.Extensions.OpenApi.AppSettings.Tests.Fakes", "test\Microsoft.Azure.WebJobs.Extensions.OpenApi.AppSettings.Tests.Fakes\Microsoft.Azure.WebJobs.Extensions.OpenApi.AppSettings.Tests.Fakes.csproj", "{AC89B7CF-0FA5-49EE-97A8-AB39A5F211A8}"
EndProject
Project("{9A19103F-16F7-4668-BE54-9A1E7A4F7556}") = "Microsoft.Azure.WebJobs.Extensions.OpenApi.AppSettings.Tests", "test\Microsoft.Azure.WebJobs.Extensions.OpenApi.AppSettings.Tests\Microsoft.Azure.WebJobs.Extensions.OpenApi.AppSettings.Tests.csproj", "{AEF35BD6-EA9A-4159-86F4-49AF7D17A9A8}"
EndProject
Project("{9A19103F-16F7-4668-BE54-9A1E7A4F7556}") = "Microsoft.Azure.WebJobs.Extensions.OpenApi.Core.Tests.Fakes", "test\Microsoft.Azure.WebJobs.Extensions.OpenApi.Core.Tests.Fakes\Microsoft.Azure.WebJobs.Extensions.OpenApi.Core.Tests.Fakes.csproj", "{1D1A5ED5-A1A1-4082-ACAF-30079AF31AC6}"
EndProject
Project("{9A19103F-16F7-4668-BE54-9A1E7A4F7556}") = "Microsoft.Azure.WebJobs.Extensions.OpenApi.Core.Tests", "test\Microsoft.Azure.WebJobs.Extensions.OpenApi.Core.Tests\Microsoft.Azure.WebJobs.Extensions.OpenApi.Core.Tests.csproj", "{968CD847-80D0-4740-92D5-F5553461EC04}"
EndProject
Project("{9A19103F-16F7-4668-BE54-9A1E7A4F7556}") = "Microsoft.Azure.WebJobs.Extensions.OpenApi.Tests", "test\Microsoft.Azure.WebJobs.Extensions.OpenApi.Tests\Microsoft.Azure.WebJobs.Extensions.OpenApi.Tests.csproj", "{D787694D-B87B-4E11-9455-B5BF9306D8FC}"
EndProject
Project("{2150E333-8FDC-42A3-9474-1A3956D46DE8}") = "test-integration", "test-integration", "{CBD9883B-134F-42CC-A201-EE06EBC48C3E}"
EndProject
Project("{9A19103F-16F7-4668-BE54-9A1E7A4F7556}") = "Microsoft.Azure.WebJobs.Extensions.OpenApi.TestApp", "test-integration\Microsoft.Azure.WebJobs.Extensions.OpenApi.TestApp\Microsoft.Azure.WebJobs.Extensions.OpenApi.TestApp.csproj", "{7F6EC289-B516-455E-8E5F-324D5C9212B7}"
EndProject
Project("{9A19103F-16F7-4668-BE54-9A1E7A4F7556}") = "Microsoft.Azure.WebJobs.Extensions.OpenApi.Document.Tests", "test-integration\Microsoft.Azure.WebJobs.Extensions.OpenApi.Document.Tests\Microsoft.Azure.WebJobs.Extensions.OpenApi.Document.Tests.csproj", "{8324C8D1-A9FD-4F98-8ED9-82C3BE572DBB}"
EndProject
Global
	GlobalSection(SolutionConfigurationPlatforms) = preSolution
		Debug|Any CPU = Debug|Any CPU
		Release|Any CPU = Release|Any CPU
	EndGlobalSection
	GlobalSection(ProjectConfigurationPlatforms) = postSolution
		{B409837F-3D64-407E-88AE-C0F932F1A4DE}.Debug|Any CPU.ActiveCfg = Debug|Any CPU
		{B409837F-3D64-407E-88AE-C0F932F1A4DE}.Debug|Any CPU.Build.0 = Debug|Any CPU
		{B409837F-3D64-407E-88AE-C0F932F1A4DE}.Release|Any CPU.ActiveCfg = Release|Any CPU
		{B409837F-3D64-407E-88AE-C0F932F1A4DE}.Release|Any CPU.Build.0 = Release|Any CPU
		{64A22A3C-D0C4-4DE9-A8D5-2CEF766EB500}.Debug|Any CPU.ActiveCfg = Debug|Any CPU
		{64A22A3C-D0C4-4DE9-A8D5-2CEF766EB500}.Debug|Any CPU.Build.0 = Debug|Any CPU
		{64A22A3C-D0C4-4DE9-A8D5-2CEF766EB500}.Release|Any CPU.ActiveCfg = Release|Any CPU
		{64A22A3C-D0C4-4DE9-A8D5-2CEF766EB500}.Release|Any CPU.Build.0 = Release|Any CPU
		{B18937F6-B39F-46BB-BB3C-86C0693993EF}.Debug|Any CPU.ActiveCfg = Debug|Any CPU
		{B18937F6-B39F-46BB-BB3C-86C0693993EF}.Debug|Any CPU.Build.0 = Debug|Any CPU
		{B18937F6-B39F-46BB-BB3C-86C0693993EF}.Release|Any CPU.ActiveCfg = Release|Any CPU
		{B18937F6-B39F-46BB-BB3C-86C0693993EF}.Release|Any CPU.Build.0 = Release|Any CPU
		{D405655F-C8BE-4134-893C-ADB4918B0624}.Debug|Any CPU.ActiveCfg = Debug|Any CPU
		{D405655F-C8BE-4134-893C-ADB4918B0624}.Debug|Any CPU.Build.0 = Debug|Any CPU
		{D405655F-C8BE-4134-893C-ADB4918B0624}.Release|Any CPU.ActiveCfg = Release|Any CPU
		{D405655F-C8BE-4134-893C-ADB4918B0624}.Release|Any CPU.Build.0 = Release|Any CPU
		{7FD0AC53-E04D-41C6-9633-924A0D98A114}.Debug|Any CPU.ActiveCfg = Debug|Any CPU
		{7FD0AC53-E04D-41C6-9633-924A0D98A114}.Debug|Any CPU.Build.0 = Debug|Any CPU
		{7FD0AC53-E04D-41C6-9633-924A0D98A114}.Release|Any CPU.ActiveCfg = Release|Any CPU
		{7FD0AC53-E04D-41C6-9633-924A0D98A114}.Release|Any CPU.Build.0 = Release|Any CPU
		{1E7232C2-8560-4030-9B5D-AD88A1680F62}.Debug|Any CPU.ActiveCfg = Debug|Any CPU
		{1E7232C2-8560-4030-9B5D-AD88A1680F62}.Debug|Any CPU.Build.0 = Debug|Any CPU
		{1E7232C2-8560-4030-9B5D-AD88A1680F62}.Release|Any CPU.ActiveCfg = Release|Any CPU
		{1E7232C2-8560-4030-9B5D-AD88A1680F62}.Release|Any CPU.Build.0 = Release|Any CPU
		{A501B346-5613-4EBA-ADC4-88BA38FA322A}.Debug|Any CPU.ActiveCfg = Debug|Any CPU
		{A501B346-5613-4EBA-ADC4-88BA38FA322A}.Debug|Any CPU.Build.0 = Debug|Any CPU
		{A501B346-5613-4EBA-ADC4-88BA38FA322A}.Release|Any CPU.ActiveCfg = Release|Any CPU
		{A501B346-5613-4EBA-ADC4-88BA38FA322A}.Release|Any CPU.Build.0 = Release|Any CPU
		{E2CF25F0-6BD1-459D-8067-E7826D96E8C4}.Debug|Any CPU.ActiveCfg = Debug|Any CPU
		{E2CF25F0-6BD1-459D-8067-E7826D96E8C4}.Debug|Any CPU.Build.0 = Debug|Any CPU
		{E2CF25F0-6BD1-459D-8067-E7826D96E8C4}.Release|Any CPU.ActiveCfg = Release|Any CPU
		{E2CF25F0-6BD1-459D-8067-E7826D96E8C4}.Release|Any CPU.Build.0 = Release|Any CPU
		{B6C398B2-6F74-4E50-A49F-F36B9825F45E}.Debug|Any CPU.ActiveCfg = Debug|Any CPU
		{B6C398B2-6F74-4E50-A49F-F36B9825F45E}.Debug|Any CPU.Build.0 = Debug|Any CPU
		{B6C398B2-6F74-4E50-A49F-F36B9825F45E}.Release|Any CPU.ActiveCfg = Release|Any CPU
		{B6C398B2-6F74-4E50-A49F-F36B9825F45E}.Release|Any CPU.Build.0 = Release|Any CPU
		{AC89B7CF-0FA5-49EE-97A8-AB39A5F211A8}.Debug|Any CPU.ActiveCfg = Debug|Any CPU
		{AC89B7CF-0FA5-49EE-97A8-AB39A5F211A8}.Debug|Any CPU.Build.0 = Debug|Any CPU
		{AC89B7CF-0FA5-49EE-97A8-AB39A5F211A8}.Release|Any CPU.ActiveCfg = Release|Any CPU
		{AC89B7CF-0FA5-49EE-97A8-AB39A5F211A8}.Release|Any CPU.Build.0 = Release|Any CPU
		{AEF35BD6-EA9A-4159-86F4-49AF7D17A9A8}.Debug|Any CPU.ActiveCfg = Debug|Any CPU
		{AEF35BD6-EA9A-4159-86F4-49AF7D17A9A8}.Debug|Any CPU.Build.0 = Debug|Any CPU
		{AEF35BD6-EA9A-4159-86F4-49AF7D17A9A8}.Release|Any CPU.ActiveCfg = Release|Any CPU
		{AEF35BD6-EA9A-4159-86F4-49AF7D17A9A8}.Release|Any CPU.Build.0 = Release|Any CPU
		{1D1A5ED5-A1A1-4082-ACAF-30079AF31AC6}.Debug|Any CPU.ActiveCfg = Debug|Any CPU
		{1D1A5ED5-A1A1-4082-ACAF-30079AF31AC6}.Debug|Any CPU.Build.0 = Debug|Any CPU
		{1D1A5ED5-A1A1-4082-ACAF-30079AF31AC6}.Release|Any CPU.ActiveCfg = Release|Any CPU
		{1D1A5ED5-A1A1-4082-ACAF-30079AF31AC6}.Release|Any CPU.Build.0 = Release|Any CPU
		{968CD847-80D0-4740-92D5-F5553461EC04}.Debug|Any CPU.ActiveCfg = Debug|Any CPU
		{968CD847-80D0-4740-92D5-F5553461EC04}.Debug|Any CPU.Build.0 = Debug|Any CPU
		{968CD847-80D0-4740-92D5-F5553461EC04}.Release|Any CPU.ActiveCfg = Release|Any CPU
		{968CD847-80D0-4740-92D5-F5553461EC04}.Release|Any CPU.Build.0 = Release|Any CPU
		{D787694D-B87B-4E11-9455-B5BF9306D8FC}.Debug|Any CPU.ActiveCfg = Debug|Any CPU
		{D787694D-B87B-4E11-9455-B5BF9306D8FC}.Debug|Any CPU.Build.0 = Debug|Any CPU
		{D787694D-B87B-4E11-9455-B5BF9306D8FC}.Release|Any CPU.ActiveCfg = Release|Any CPU
		{D787694D-B87B-4E11-9455-B5BF9306D8FC}.Release|Any CPU.Build.0 = Release|Any CPU
		{7F6EC289-B516-455E-8E5F-324D5C9212B7}.Debug|Any CPU.ActiveCfg = Debug|Any CPU
		{7F6EC289-B516-455E-8E5F-324D5C9212B7}.Debug|Any CPU.Build.0 = Debug|Any CPU
		{7F6EC289-B516-455E-8E5F-324D5C9212B7}.Release|Any CPU.ActiveCfg = Release|Any CPU
		{7F6EC289-B516-455E-8E5F-324D5C9212B7}.Release|Any CPU.Build.0 = Release|Any CPU
		{8324C8D1-A9FD-4F98-8ED9-82C3BE572DBB}.Debug|Any CPU.ActiveCfg = Debug|Any CPU
		{8324C8D1-A9FD-4F98-8ED9-82C3BE572DBB}.Debug|Any CPU.Build.0 = Debug|Any CPU
		{8324C8D1-A9FD-4F98-8ED9-82C3BE572DBB}.Release|Any CPU.ActiveCfg = Release|Any CPU
		{8324C8D1-A9FD-4F98-8ED9-82C3BE572DBB}.Release|Any CPU.Build.0 = Release|Any CPU
	EndGlobalSection
	GlobalSection(SolutionProperties) = preSolution
		HideSolutionNode = FALSE
	EndGlobalSection
	GlobalSection(NestedProjects) = preSolution
		{B409837F-3D64-407E-88AE-C0F932F1A4DE} = {810145E0-41CF-4E24-BD9C-E7517498BA29}
		{64A22A3C-D0C4-4DE9-A8D5-2CEF766EB500} = {810145E0-41CF-4E24-BD9C-E7517498BA29}
		{B18937F6-B39F-46BB-BB3C-86C0693993EF} = {810145E0-41CF-4E24-BD9C-E7517498BA29}
		{D405655F-C8BE-4134-893C-ADB4918B0624} = {810145E0-41CF-4E24-BD9C-E7517498BA29}
		{66D8DEA8-B477-497F-95BB-E8F9A5BAC352} = {810145E0-41CF-4E24-BD9C-E7517498BA29}
		{7FD0AC53-E04D-41C6-9633-924A0D98A114} = {66D8DEA8-B477-497F-95BB-E8F9A5BAC352}
		{1E7232C2-8560-4030-9B5D-AD88A1680F62} = {66D8DEA8-B477-497F-95BB-E8F9A5BAC352}
		{A501B346-5613-4EBA-ADC4-88BA38FA322A} = {66D8DEA8-B477-497F-95BB-E8F9A5BAC352}
		{E2CF25F0-6BD1-459D-8067-E7826D96E8C4} = {66D8DEA8-B477-497F-95BB-E8F9A5BAC352}
		{B6C398B2-6F74-4E50-A49F-F36B9825F45E} = {8B62E3FB-9062-4716-803A-1FA51FCE68BC}
		{AC89B7CF-0FA5-49EE-97A8-AB39A5F211A8} = {8B62E3FB-9062-4716-803A-1FA51FCE68BC}
		{AEF35BD6-EA9A-4159-86F4-49AF7D17A9A8} = {8B62E3FB-9062-4716-803A-1FA51FCE68BC}
		{1D1A5ED5-A1A1-4082-ACAF-30079AF31AC6} = {8B62E3FB-9062-4716-803A-1FA51FCE68BC}
		{968CD847-80D0-4740-92D5-F5553461EC04} = {8B62E3FB-9062-4716-803A-1FA51FCE68BC}
		{D787694D-B87B-4E11-9455-B5BF9306D8FC} = {8B62E3FB-9062-4716-803A-1FA51FCE68BC}
		{CBD9883B-134F-42CC-A201-EE06EBC48C3E} = {8B62E3FB-9062-4716-803A-1FA51FCE68BC}
		{7F6EC289-B516-455E-8E5F-324D5C9212B7} = {CBD9883B-134F-42CC-A201-EE06EBC48C3E}
		{8324C8D1-A9FD-4F98-8ED9-82C3BE572DBB} = {CBD9883B-134F-42CC-A201-EE06EBC48C3E}
	EndGlobalSection
	GlobalSection(ExtensibilityGlobals) = postSolution
		SolutionGuid = {70FEC644-BB3C-4441-AF91-DC694803C8F2}
	EndGlobalSection
EndGlobal
